
Microsoft Visual Studio Solution File, Format Version 12.00
# Visual Studio Version 16
VisualStudioVersion = 16.0.31402.337
MinimumVisualStudioVersion = 10.0.40219.1
Project("{FAE04EC0-301F-11D3-BF4B-00C04F79EFBC}") = "Лабораторная 22", "Лабораторная 22.csproj", "{8107C0CE-FC1F-4625-BAB1-1E806B29085A}"
EndProject
Global
	GlobalSection(SolutionConfigurationPlatforms) = preSolution
		Debug|Any CPU = Debug|Any CPU
		Release|Any CPU = Release|Any CPU
	EndGlobalSection
	GlobalSection(ProjectConfigurationPlatforms) = postSolution
		{8107C0CE-FC1F-4625-BAB1-1E806B29085A}.Debug|Any CPU.ActiveCfg = Debug|Any CPU
		{8107C0CE-FC1F-4625-BAB1-1E806B29085A}.Debug|Any CPU.Build.0 = Debug|Any CPU
		{8107C0CE-FC1F-4625-BAB1-1E806B29085A}.Release|Any CPU.ActiveCfg = Release|Any CPU
		{8107C0CE-FC1F-4625-BAB1-1E806B29085A}.Release|Any CPU.Build.0 = Release|Any CPU
	EndGlobalSection
	GlobalSection(SolutionProperties) = preSolution
		HideSolutionNode = FALSE
	EndGlobalSection
	GlobalSection(ExtensibilityGlobals) = postSolution
		SolutionGuid = {09517B8A-9891-401C-92B6-ECBAB3B94524}
	EndGlobalSection
EndGlobal
