
Microsoft Visual Studio Solution File, Format Version 12.00
# Visual Studio Version 16
VisualStudioVersion = 16.0.31402.337
MinimumVisualStudioVersion = 10.0.40219.1
Project("{FAE04EC0-301F-11D3-BF4B-00C04F79EFBC}") = "Лабораторная работа 23", "Лабораторная работа 23.csproj", "{72EAE2C0-2186-4BE5-BE39-1511F55F30A3}"
EndProject
Global
	GlobalSection(SolutionConfigurationPlatforms) = preSolution
		Debug|Any CPU = Debug|Any CPU
		Release|Any CPU = Release|Any CPU
	EndGlobalSection
	GlobalSection(ProjectConfigurationPlatforms) = postSolution
		{72EAE2C0-2186-4BE5-BE39-1511F55F30A3}.Debug|Any CPU.ActiveCfg = Debug|Any CPU
		{72EAE2C0-2186-4BE5-BE39-1511F55F30A3}.Debug|Any CPU.Build.0 = Debug|Any CPU
		{72EAE2C0-2186-4BE5-BE39-1511F55F30A3}.Release|Any CPU.ActiveCfg = Release|Any CPU
		{72EAE2C0-2186-4BE5-BE39-1511F55F30A3}.Release|Any CPU.Build.0 = Release|Any CPU
	EndGlobalSection
	GlobalSection(SolutionProperties) = preSolution
		HideSolutionNode = FALSE
	EndGlobalSection
	GlobalSection(ExtensibilityGlobals) = postSolution
		SolutionGuid = {D8F03AB2-B103-4B6B-A710-29CDDC8917D8}
	EndGlobalSection
EndGlobal
